
Microsoft Visual Studio Solution File, Format Version 12.00
# Visual Studio Version 17
VisualStudioVersion = 17.8.34525.116
MinimumVisualStudioVersion = 10.0.40219.1
Project("{9A19103F-16F7-4668-BE54-9A1E7A4F7556}") = "DataAccess", "DataAccess\DataAccess.csproj", "{EF378CE0-DF96-4BC6-86FD-96C48B221261}"
EndProject
Project("{9A19103F-16F7-4668-BE54-9A1E7A4F7556}") = "Business", "Business\Business.csproj", "{194CDBFE-B17D-4303-A7DE-4CB769379FC9}"
EndProject
Project("{9A19103F-16F7-4668-BE54-9A1E7A4F7556}") = "Entities", "Entities\Entities.csproj", "{FD6CF651-66F9-4B2C-BF5C-139D3A9D7623}"
EndProject
Project("{9A19103F-16F7-4668-BE54-9A1E7A4F7556}") = "ConsoleUI", "ConsoleUI\ConsoleUI.csproj", "{E1D4C5FD-7AB8-484F-86BF-67F042807760}"
EndProject
Project("{FAE04EC0-301F-11D3-BF4B-00C04F79EFBC}") = "Core", "Core\Core.csproj", "{73284F73-690E-4B55-A462-5B05F0C3F2FF}"
EndProject
Global
	GlobalSection(SolutionConfigurationPlatforms) = preSolution
		Debug|Any CPU = Debug|Any CPU
		Release|Any CPU = Release|Any CPU
	EndGlobalSection
	GlobalSection(ProjectConfigurationPlatforms) = postSolution
		{EF378CE0-DF96-4BC6-86FD-96C48B221261}.Debug|Any CPU.ActiveCfg = Debug|Any CPU
		{EF378CE0-DF96-4BC6-86FD-96C48B221261}.Debug|Any CPU.Build.0 = Debug|Any CPU
		{EF378CE0-DF96-4BC6-86FD-96C48B221261}.Release|Any CPU.ActiveCfg = Release|Any CPU
		{EF378CE0-DF96-4BC6-86FD-96C48B221261}.Release|Any CPU.Build.0 = Release|Any CPU
		{194CDBFE-B17D-4303-A7DE-4CB769379FC9}.Debug|Any CPU.ActiveCfg = Debug|Any CPU
		{194CDBFE-B17D-4303-A7DE-4CB769379FC9}.Debug|Any CPU.Build.0 = Debug|Any CPU
		{194CDBFE-B17D-4303-A7DE-4CB769379FC9}.Release|Any CPU.ActiveCfg = Release|Any CPU
		{194CDBFE-B17D-4303-A7DE-4CB769379FC9}.Release|Any CPU.Build.0 = Release|Any CPU
		{FD6CF651-66F9-4B2C-BF5C-139D3A9D7623}.Debug|Any CPU.ActiveCfg = Debug|Any CPU
		{FD6CF651-66F9-4B2C-BF5C-139D3A9D7623}.Debug|Any CPU.Build.0 = Debug|Any CPU
		{FD6CF651-66F9-4B2C-BF5C-139D3A9D7623}.Release|Any CPU.ActiveCfg = Release|Any CPU
		{FD6CF651-66F9-4B2C-BF5C-139D3A9D7623}.Release|Any CPU.Build.0 = Release|Any CPU
		{E1D4C5FD-7AB8-484F-86BF-67F042807760}.Debug|Any CPU.ActiveCfg = Debug|Any CPU
		{E1D4C5FD-7AB8-484F-86BF-67F042807760}.Debug|Any CPU.Build.0 = Debug|Any CPU
		{E1D4C5FD-7AB8-484F-86BF-67F042807760}.Release|Any CPU.ActiveCfg = Release|Any CPU
		{E1D4C5FD-7AB8-484F-86BF-67F042807760}.Release|Any CPU.Build.0 = Release|Any CPU
		{73284F73-690E-4B55-A462-5B05F0C3F2FF}.Debug|Any CPU.ActiveCfg = Debug|Any CPU
		{73284F73-690E-4B55-A462-5B05F0C3F2FF}.Debug|Any CPU.Build.0 = Debug|Any CPU
		{73284F73-690E-4B55-A462-5B05F0C3F2FF}.Release|Any CPU.ActiveCfg = Release|Any CPU
		{73284F73-690E-4B55-A462-5B05F0C3F2FF}.Release|Any CPU.Build.0 = Release|Any CPU
	EndGlobalSection
	GlobalSection(SolutionProperties) = preSolution
		HideSolutionNode = FALSE
	EndGlobalSection
	GlobalSection(ExtensibilityGlobals) = postSolution
		SolutionGuid = {33D4B75E-E61A-4373-BFEB-6491A7A2CB51}
	EndGlobalSection
EndGlobal
